
Microsoft Visual Studio Solution File, Format Version 12.00
# Visual Studio 15
VisualStudioVersion = 15.0.27703.2035
MinimumVisualStudioVersion = 10.0.40219.1
Project("{FAE04EC0-301F-11D3-BF4B-00C04F79EFBC}") = "BankForms", "BankForms\BankForms.csproj", "{170393D2-9471-44F6-861A-20BAC15B4E8D}"
EndProject
Project("{FAE04EC0-301F-11D3-BF4B-00C04F79EFBC}") = "BankPCL", "BankPCL\BankPCL.csproj", "{FFD94CF7-1426-4E73-8B56-B38EF7D7B099}"
EndProject
Global
	GlobalSection(SolutionConfigurationPlatforms) = preSolution
		Debug|Any CPU = Debug|Any CPU
		Release|Any CPU = Release|Any CPU
	EndGlobalSection
	GlobalSection(ProjectConfigurationPlatforms) = postSolution
		{170393D2-9471-44F6-861A-20BAC15B4E8D}.Debug|Any CPU.ActiveCfg = Debug|Any CPU
		{170393D2-9471-44F6-861A-20BAC15B4E8D}.Debug|Any CPU.Build.0 = Debug|Any CPU
		{170393D2-9471-44F6-861A-20BAC15B4E8D}.Release|Any CPU.ActiveCfg = Release|Any CPU
		{170393D2-9471-44F6-861A-20BAC15B4E8D}.Release|Any CPU.Build.0 = Release|Any CPU
		{FFD94CF7-1426-4E73-8B56-B38EF7D7B099}.Debug|Any CPU.ActiveCfg = Debug|Any CPU
		{FFD94CF7-1426-4E73-8B56-B38EF7D7B099}.Debug|Any CPU.Build.0 = Debug|Any CPU
		{FFD94CF7-1426-4E73-8B56-B38EF7D7B099}.Release|Any CPU.ActiveCfg = Release|Any CPU
		{FFD94CF7-1426-4E73-8B56-B38EF7D7B099}.Release|Any CPU.Build.0 = Release|Any CPU
	EndGlobalSection
	GlobalSection(SolutionProperties) = preSolution
		HideSolutionNode = FALSE
	EndGlobalSection
	GlobalSection(ExtensibilityGlobals) = postSolution
		SolutionGuid = {819255B9-525A-458B-990A-57ED4E488C9F}
	EndGlobalSection
EndGlobal
